// !$*UTF8*$!
{
	archiveVersion = 1;
	classes = {
	};
	objectVersion = 50;
	objects = {

/* Begin PBXBuildFile section */
		7696243F26283AB900FD086E /* AppDelegate.swift in Sources */ = {isa = PBXBuildFile; fileRef = 7696243E26283AB900FD086E /* AppDelegate.swift */; };
		7696244126283AB900FD086E /* SceneDelegate.swift in Sources */ = {isa = PBXBuildFile; fileRef = 7696244026283AB900FD086E /* SceneDelegate.swift */; };
		7696244326283AB900FD086E /* ViewController.swift in Sources */ = {isa = PBXBuildFile; fileRef = 7696244226283AB900FD086E /* ViewController.swift */; };
		7696244626283AB900FD086E /* Main.storyboard in Resources */ = {isa = PBXBuildFile; fileRef = 7696244426283AB900FD086E /* Main.storyboard */; };
		7696244826283ABA00FD086E /* Assets.xcassets in Resources */ = {isa = PBXBuildFile; fileRef = 7696244726283ABA00FD086E /* Assets.xcassets */; };
		7696244B26283ABA00FD086E /* LaunchScreen.storyboard in Resources */ = {isa = PBXBuildFile; fileRef = 7696244926283ABA00FD086E /* LaunchScreen.storyboard */; };
		76962454262849B100FD086E /* RollsViewController.swift in Sources */ = {isa = PBXBuildFile; fileRef = 76962453262849B100FD086E /* RollsViewController.swift */; };
		769624592628515000FD086E /* RollCell.swift in Sources */ = {isa = PBXBuildFile; fileRef = 769624572628515000FD086E /* RollCell.swift */; };
		7696245A2628515000FD086E /* RollCell.xib in Resources */ = {isa = PBXBuildFile; fileRef = 769624582628515000FD086E /* RollCell.xib */; };
/* End PBXBuildFile section */

/* Begin PBXFileReference section */
		7696243B26283AB900FD086E /* RollDice.app */ = {isa = PBXFileReference; explicitFileType = wrapper.application; includeInIndex = 0; path = RollDice.app; sourceTree = BUILT_PRODUCTS_DIR; };
		7696243E26283AB900FD086E /* AppDelegate.swift */ = {isa = PBXFileReference; lastKnownFileType = sourcecode.swift; path = AppDelegate.swift; sourceTree = "<group>"; };
		7696244026283AB900FD086E /* SceneDelegate.swift */ = {isa = PBXFileReference; lastKnownFileType = sourcecode.swift; path = SceneDelegate.swift; sourceTree = "<group>"; };
		7696244226283AB900FD086E /* ViewController.swift */ = {isa = PBXFileReference; lastKnownFileType = sourcecode.swift; path = ViewController.swift; sourceTree = "<group>"; };
		7696244526283AB900FD086E /* Base */ = {isa = PBXFileReference; lastKnownFileType = file.storyboard; name = Base; path = Base.lproj/Main.storyboard; sourceTree = "<group>"; };
		7696244726283ABA00FD086E /* Assets.xcassets */ = {isa = PBXFileReference; lastKnownFileType = folder.assetcatalog; path = Assets.xcassets; sourceTree = "<group>"; };
		7696244A26283ABA00FD086E /* Base */ = {isa = PBXFileReference; lastKnownFileType = file.storyboard; name = Base; path = Base.lproj/LaunchScreen.storyboard; sourceTree = "<group>"; };
		7696244C26283ABA00FD086E /* Info.plist */ = {isa = PBXFileReference; lastKnownFileType = text.plist.xml; path = Info.plist; sourceTree = "<group>"; };
		76962453262849B100FD086E /* RollsViewController.swift */ = {isa = PBXFileReference; lastKnownFileType = sourcecode.swift; path = RollsViewController.swift; sourceTree = "<group>"; };
		769624572628515000FD086E /* RollCell.swift */ = {isa = PBXFileReference; lastKnownFileType = sourcecode.swift; path = RollCell.swift; sourceTree = "<group>"; };
		769624582628515000FD086E /* RollCell.xib */ = {isa = PBXFileReference; lastKnownFileType = file.xib; path = RollCell.xib; sourceTree = "<group>"; };
/* End PBXFileReference section */

/* Begin PBXFrameworksBuildPhase section */
		7696243826283AB900FD086E /* Frameworks */ = {
			isa = PBXFrameworksBuildPhase;
			buildActionMask = 2147483647;
			files = (
			);
			runOnlyForDeploymentPostprocessing = 0;
		};
/* End PBXFrameworksBuildPhase section */

/* Begin PBXGroup section */
		7696243226283AB900FD086E = {
			isa = PBXGroup;
			children = (
				7696243D26283AB900FD086E /* RollDice */,
				7696243C26283AB900FD086E /* Products */,
			);
			sourceTree = "<group>";
		};
		7696243C26283AB900FD086E /* Products */ = {
			isa = PBXGroup;
			children = (
				7696243B26283AB900FD086E /* RollDice.app */,
			);
			name = Products;
			sourceTree = "<group>";
		};
		7696243D26283AB900FD086E /* RollDice */ = {
			isa = PBXGroup;
			children = (
				7696245D2628517F00FD086E /* extra */,
				7696245C2628516100FD086E /* cells */,
				7696244226283AB900FD086E /* ViewController.swift */,
				76962453262849B100FD086E /* RollsViewController.swift */,
				7696244426283AB900FD086E /* Main.storyboard */,
				7696244C26283ABA00FD086E /* Info.plist */,
			);
			path = RollDice;
			sourceTree = "<group>";
		};
		7696245C2628516100FD086E /* cells */ = {
			isa = PBXGroup;
			children = (
				769624572628515000FD086E /* RollCell.swift */,
				769624582628515000FD086E /* RollCell.xib */,
			);
			path = cells;
			sourceTree = "<group>";
		};
		7696245D2628517F00FD086E /* extra */ = {
			isa = PBXGroup;
			children = (
				7696244026283AB900FD086E /* SceneDelegate.swift */,
				7696243E26283AB900FD086E /* AppDelegate.swift */,
				7696244726283ABA00FD086E /* Assets.xcassets */,
				7696244926283ABA00FD086E /* LaunchScreen.storyboard */,
			);
			path = extra;
			sourceTree = "<group>";
		};
/* End PBXGroup section */

/* Begin PBXNativeTarget section */
		7696243A26283AB900FD086E /* RollDice */ = {
			isa = PBXNativeTarget;
			buildConfigurationList = 7696244F26283ABA00FD086E /* Build configuration list for PBXNativeTarget "RollDice" */;
			buildPhases = (
				7696243726283AB900FD086E /* Sources */,
				7696243826283AB900FD086E /* Frameworks */,
				7696243926283AB900FD086E /* Resources */,
			);
			buildRules = (
			);
			dependencies = (
			);
			name = RollDice;
			productName = RollDice;
			productReference = 7696243B26283AB900FD086E /* RollDice.app */;
			productType = "com.apple.product-type.application";
		};
/* End PBXNativeTarget section */

/* Begin PBXProject section */
		7696243326283AB900FD086E /* Project object */ = {
			isa = PBXProject;
			attributes = {
				LastSwiftUpdateCheck = 1240;
				LastUpgradeCheck = 1240;
				TargetAttributes = {
					7696243A26283AB900FD086E = {
						CreatedOnToolsVersion = 12.4;
					};
				};
			};
			buildConfigurationList = 7696243626283AB900FD086E /* Build configuration list for PBXProject "RollDice" */;
			compatibilityVersion = "Xcode 9.3";
			developmentRegion = en;
			hasScannedForEncodings = 0;
			knownRegions = (
				en,
				Base,
			);
			mainGroup = 7696243226283AB900FD086E;
			productRefGroup = 7696243C26283AB900FD086E /* Products */;
			projectDirPath = "";
			projectRoot = "";
			targets = (
				7696243A26283AB900FD086E /* RollDice */,
			);
		};
/* End PBXProject section */

/* Begin PBXResourcesBuildPhase section */
		7696243926283AB900FD086E /* Resources */ = {
			isa = PBXResourcesBuildPhase;
			buildActionMask = 2147483647;
			files = (
				7696244B26283ABA00FD086E /* LaunchScreen.storyboard in Resources */,
				7696244826283ABA00FD086E /* Assets.xcassets in Resources */,
				7696245A2628515000FD086E /* RollCell.xib in Resources */,
				7696244626283AB900FD086E /* Main.storyboard in Resources */,
			);
			runOnlyForDeploymentPostprocessing = 0;
		};
/* End PBXResourcesBuildPhase section */

/* Begin PBXSourcesBuildPhase section */
		7696243726283AB900FD086E /* Sources */ = {
			isa = PBXSourcesBuildPhase;
			buildActionMask = 2147483647;
			files = (
				7696244326283AB900FD086E /* ViewController.swift in Sources */,
				7696243F26283AB900FD086E /* AppDelegate.swift in Sources */,
				7696244126283AB900FD086E /* SceneDelegate.swift in Sources */,
				769624592628515000FD086E /* RollCell.swift in Sources */,
				76962454262849B100FD086E /* RollsViewController.swift in Sources */,
			);
			runOnlyForDeploymentPostprocessing = 0;
		};
/* End PBXSourcesBuildPhase section */

/* Begin PBXVariantGroup section */
		7696244426283AB900FD086E /* Main.storyboard */ = {
			isa = PBXVariantGroup;
			children = (
				7696244526283AB900FD086E /* Base */,
			);
			name = Main.storyboard;
			sourceTree = "<group>";
		};
		7696244926283ABA00FD086E /* LaunchScreen.storyboard */ = {
			isa = PBXVariantGroup;
			children = (
				7696244A26283ABA00FD086E /* Base */,
			);
			name = LaunchScreen.storyboard;
			sourceTree = "<group>";
		};
/* End PBXVariantGroup section */

/* Begin XCBuildConfiguration section */
		7696244D26283ABA00FD086E /* Debug */ = {
			isa = XCBuildConfiguration;
			buildSettings = {
				ALWAYS_SEARCH_USER_PATHS = NO;
				CLANG_ANALYZER_NONNULL = YES;
				CLANG_ANALYZER_NUMBER_OBJECT_CONVERSION = YES_AGGRESSIVE;
				CLANG_CXX_LANGUAGE_STANDARD = "gnu++14";
				CLANG_CXX_LIBRARY = "libc++";
				CLANG_ENABLE_MODULES = YES;
				CLANG_ENABLE_OBJC_ARC = YES;
				CLANG_ENABLE_OBJC_WEAK = YES;
				CLANG_WARN_BLOCK_CAPTURE_AUTORELEASING = YES;
				CLANG_WARN_BOOL_CONVERSION = YES;
				CLANG_WARN_COMMA = YES;
				CLANG_WARN_CONSTANT_CONVERSION = YES;
				CLANG_WARN_DEPRECATED_OBJC_IMPLEMENTATIONS = YES;
				CLANG_WARN_DIRECT_OBJC_ISA_USAGE = YES_ERROR;
				CLANG_WARN_DOCUMENTATION_COMMENTS = YES;
				CLANG_WARN_EMPTY_BODY = YES;
				CLANG_WARN_ENUM_CONVERSION = YES;
				CLANG_WARN_INFINITE_RECURSION = YES;
				CLANG_WARN_INT_CONVERSION = YES;
				CLANG_WARN_NON_LITERAL_NULL_CONVERSION = YES;
				CLANG_WARN_OBJC_IMPLICIT_RETAIN_SELF = YES;
				CLANG_WARN_OBJC_LITERAL_CONVERSION = YES;
				CLANG_WARN_OBJC_ROOT_CLASS = YES_ERROR;
				CLANG_WARN_QUOTED_INCLUDE_IN_FRAMEWORK_HEADER = YES;
				CLANG_WARN_RANGE_LOOP_ANALYSIS = YES;
				CLANG_WARN_STRICT_PROTOTYPES = YES;
				CLANG_WARN_SUSPICIOUS_MOVE = YES;
				CLANG_WARN_UNGUARDED_AVAILABILITY = YES_AGGRESSIVE;
				CLANG_WARN_UNREACHABLE_CODE = YES;
				CLANG_WARN__DUPLICATE_METHOD_MATCH = YES;
				COPY_PHASE_STRIP = NO;
				DEBUG_INFORMATION_FORMAT = dwarf;
				ENABLE_STRICT_OBJC_MSGSEND = YES;
				ENABLE_TESTABILITY = YES;
				GCC_C_LANGUAGE_STANDARD = gnu11;
				GCC_DYNAMIC_NO_PIC = NO;
				GCC_NO_COMMON_BLOCKS = YES;
				GCC_OPTIMIZATION_LEVEL = 0;
				GCC_PREPROCESSOR_DEFINITIONS = (
					"DEBUG=1",
					"$(inherited)",
				);
				GCC_WARN_64_TO_32_BIT_CONVERSION = YES;
				GCC_WARN_ABOUT_RETURN_TYPE = YES_ERROR;
				GCC_WARN_UNDECLARED_SELECTOR = YES;
				GCC_WARN_UNINITIALIZED_AUTOS = YES_AGGRESSIVE;
				GCC_WARN_UNUSED_FUNCTION = YES;
				GCC_WARN_UNUSED_VARIABLE = YES;
				IPHONEOS_DEPLOYMENT_TARGET = 14.4;
				MTL_ENABLE_DEBUG_INFO = INCLUDE_SOURCE;
				MTL_FAST_MATH = YES;
				ONLY_ACTIVE_ARCH = YES;
				SDKROOT = iphoneos;
				SWIFT_ACTIVE_COMPILATION_CONDITIONS = DEBUG;
				SWIFT_OPTIMIZATION_LEVEL = "-Onone";
			};
			name = Debug;
		};
		7696244E26283ABA00FD086E /* Release */ = {
			isa = XCBuildConfiguration;
			buildSettings = {
				ALWAYS_SEARCH_USER_PATHS = NO;
				CLANG_ANALYZER_NONNULL = YES;
				CLANG_ANALYZER_NUMBER_OBJECT_CONVERSION = YES_AGGRESSIVE;
				CLANG_CXX_LANGUAGE_STANDARD = "gnu++14";
				CLANG_CXX_LIBRARY = "libc++";
				CLANG_ENABLE_MODULES = YES;
				CLANG_ENABLE_OBJC_ARC = YES;
				CLANG_ENABLE_OBJC_WEAK = YES;
				CLANG_WARN_BLOCK_CAPTURE_AUTORELEASING = YES;
				CLANG_WARN_BOOL_CONVERSION = YES;
				CLANG_WARN_COMMA = YES;
				CLANG_WARN_CONSTANT_CONVERSION = YES;
				CLANG_WARN_DEPRECATED_OBJC_IMPLEMENTATIONS = YES;
				CLANG_WARN_DIRECT_OBJC_ISA_USAGE = YES_ERROR;
				CLANG_WARN_DOCUMENTATION_COMMENTS = YES;
				CLANG_WARN_EMPTY_BODY = YES;
				CLANG_WARN_ENUM_CONVERSION = YES;
				CLANG_WARN_INFINITE_RECURSION = YES;
				CLANG_WARN_INT_CONVERSION = YES;
				CLANG_WARN_NON_LITERAL_NULL_CONVERSION = YES;
				CLANG_WARN_OBJC_IMPLICIT_RETAIN_SELF = YES;
				CLANG_WARN_OBJC_LITERAL_CONVERSION = YES;
				CLANG_WARN_OBJC_ROOT_CLASS = YES_ERROR;
				CLANG_WARN_QUOTED_INCLUDE_IN_FRAMEWORK_HEADER = YES;
				CLANG_WARN_RANGE_LOOP_ANALYSIS = YES;
				CLANG_WARN_STRICT_PROTOTYPES = YES;
				CLANG_WARN_SUSPICIOUS_MOVE = YES;
				CLANG_WARN_UNGUARDED_AVAILABILITY = YES_AGGRESSIVE;
				CLANG_WARN_UNREACHABLE_CODE = YES;
				CLANG_WARN__DUPLICATE_METHOD_MATCH = YES;
				COPY_PHASE_STRIP = NO;
				DEBUG_INFORMATION_FORMAT = "dwarf-with-dsym";
				ENABLE_NS_ASSERTIONS = NO;
				ENABLE_STRICT_OBJC_MSGSEND = YES;
				GCC_C_LANGUAGE_STANDARD = gnu11;
				GCC_NO_COMMON_BLOCKS = YES;
				GCC_WARN_64_TO_32_BIT_CONVERSION = YES;
				GCC_WARN_ABOUT_RETURN_TYPE = YES_ERROR;
				GCC_WARN_UNDECLARED_SELECTOR = YES;
				GCC_WARN_UNINITIALIZED_AUTOS = YES_AGGRESSIVE;
				GCC_WARN_UNUSED_FUNCTION = YES;
				GCC_WARN_UNUSED_VARIABLE = YES;
				IPHONEOS_DEPLOYMENT_TARGET = 14.4;
				MTL_ENABLE_DEBUG_INFO = NO;
				MTL_FAST_MATH = YES;
				SDKROOT = iphoneos;
				SWIFT_COMPILATION_MODE = wholemodule;
				SWIFT_OPTIMIZATION_LEVEL = "-O";
				VALIDATE_PRODUCT = YES;
			};
			name = Release;
		};
		7696245026283ABA00FD086E /* Debug */ = {
			isa = XCBuildConfiguration;
			buildSettings = {
				ASSETCATALOG_COMPILER_APPICON_NAME = AppIcon;
				ASSETCATALOG_COMPILER_GLOBAL_ACCENT_COLOR_NAME = AccentColor;
				CODE_SIGN_STYLE = Automatic;
				INFOPLIST_FILE = RollDice/Info.plist;
				LD_RUNPATH_SEARCH_PATHS = (
					"$(inherited)",
					"@executable_path/Frameworks",
				);
				PRODUCT_BUNDLE_IDENTIFIER = com.ZhanzakovaBotakoz.RollDice;
				PRODUCT_NAME = "$(TARGET_NAME)";
				SWIFT_VERSION = 5.0;
				TARGETED_DEVICE_FAMILY = "1,2";
			};
			name = Debug;
		};
		7696245126283ABA00FD086E /* Release */ = {
			isa = XCBuildConfiguration;
			buildSettings = {
				ASSETCATALOG_COMPILER_APPICON_NAME = AppIcon;
				ASSETCATALOG_COMPILER_GLOBAL_ACCENT_COLOR_NAME = AccentColor;
				CODE_SIGN_STYLE = Automatic;
				INFOPLIST_FILE = RollDice/Info.plist;
				LD_RUNPATH_SEARCH_PATHS = (
					"$(inherited)",
					"@executable_path/Frameworks",
				);
				PRODUCT_BUNDLE_IDENTIFIER = com.ZhanzakovaBotakoz.RollDice;
				PRODUCT_NAME = "$(TARGET_NAME)";
				SWIFT_VERSION = 5.0;
				TARGETED_DEVICE_FAMILY = "1,2";
			};
			name = Release;
		};
/* End XCBuildConfiguration section */

/* Begin XCConfigurationList section */
		7696243626283AB900FD086E /* Build configuration list for PBXProject "RollDice" */ = {
			isa = XCConfigurationList;
			buildConfigurations = (
				7696244D26283ABA00FD086E /* Debug */,
				7696244E26283ABA00FD086E /* Release */,
			);
			defaultConfigurationIsVisible = 0;
			defaultConfigurationName = Release;
		};
		7696244F26283ABA00FD086E /* Build configuration list for PBXNativeTarget "RollDice" */ = {
			isa = XCConfigurationList;
			buildConfigurations = (
				7696245026283ABA00FD086E /* Debug */,
				7696245126283ABA00FD086E /* Release */,
			);
			defaultConfigurationIsVisible = 0;
			defaultConfigurationName = Release;
		};
/* End XCConfigurationList section */
	};
	rootObject = 7696243326283AB900FD086E /* Project object */;
}
